
Microsoft Visual Studio Solution File, Format Version 12.00
# Visual Studio Version 17
VisualStudioVersion = 17.0.31903.59
MinimumVisualStudioVersion = 10.0.40219.1
Project("{2150E333-8FDC-42A3-9474-1A3956D46DE8}") = "P0_Kylie_Wilson", "P0_Kylie_Wilson", "{8C81FDF6-81C3-4EA0-9E22-44531FA17242}"
EndProject
Project("{FAE04EC0-301F-11D3-BF4B-00C04F79EFBC}") = "TaskManager.APP", "P0_Kylie_Wilson\TaskManager.APP\TaskManager.APP.csproj", "{CE590C80-4E05-4057-960F-1939E47C8B38}"
EndProject
Project("{FAE04EC0-301F-11D3-BF4B-00C04F79EFBC}") = "TaskManager.Tests", "P0_Kylie_Wilson\TaskManager.Tests\TaskManager.Tests.csproj", "{131818B2-6B0A-4561-A524-FC2E6B786226}"
EndProject
Global
	GlobalSection(SolutionConfigurationPlatforms) = preSolution
		Debug|Any CPU = Debug|Any CPU
		Release|Any CPU = Release|Any CPU
	EndGlobalSection
	GlobalSection(SolutionProperties) = preSolution
		HideSolutionNode = FALSE
	EndGlobalSection
	GlobalSection(ProjectConfigurationPlatforms) = postSolution
		{CE590C80-4E05-4057-960F-1939E47C8B38}.Debug|Any CPU.ActiveCfg = Debug|Any CPU
		{CE590C80-4E05-4057-960F-1939E47C8B38}.Debug|Any CPU.Build.0 = Debug|Any CPU
		{CE590C80-4E05-4057-960F-1939E47C8B38}.Release|Any CPU.ActiveCfg = Release|Any CPU
		{CE590C80-4E05-4057-960F-1939E47C8B38}.Release|Any CPU.Build.0 = Release|Any CPU
		{131818B2-6B0A-4561-A524-FC2E6B786226}.Debug|Any CPU.ActiveCfg = Debug|Any CPU
		{131818B2-6B0A-4561-A524-FC2E6B786226}.Debug|Any CPU.Build.0 = Debug|Any CPU
		{131818B2-6B0A-4561-A524-FC2E6B786226}.Release|Any CPU.ActiveCfg = Release|Any CPU
		{131818B2-6B0A-4561-A524-FC2E6B786226}.Release|Any CPU.Build.0 = Release|Any CPU
	EndGlobalSection
	GlobalSection(NestedProjects) = preSolution
		{CE590C80-4E05-4057-960F-1939E47C8B38} = {8C81FDF6-81C3-4EA0-9E22-44531FA17242}
		{131818B2-6B0A-4561-A524-FC2E6B786226} = {8C81FDF6-81C3-4EA0-9E22-44531FA17242}
	EndGlobalSection
EndGlobal
