
Microsoft Visual Studio Solution File, Format Version 12.00
# Visual Studio Version 17
VisualStudioVersion = 17.0.31903.59
MinimumVisualStudioVersion = 10.0.40219.1
Project("{FAE04EC0-301F-11D3-BF4B-00C04F79EFBC}") = "TaskManager.APP", "TaskManager.APP\TaskManager.APP.csproj", "{57897E9D-BD7D-421D-9425-049302C07A79}"
EndProject
Project("{FAE04EC0-301F-11D3-BF4B-00C04F79EFBC}") = "TaskManager.Tests", "TaskManager.Tests\TaskManager.Tests.csproj", "{8B289A28-F2E1-431E-B000-6F8B265C11C2}"
EndProject
Global
	GlobalSection(SolutionConfigurationPlatforms) = preSolution
		Debug|Any CPU = Debug|Any CPU
		Release|Any CPU = Release|Any CPU
	EndGlobalSection
	GlobalSection(SolutionProperties) = preSolution
		HideSolutionNode = FALSE
	EndGlobalSection
	GlobalSection(ProjectConfigurationPlatforms) = postSolution
		{57897E9D-BD7D-421D-9425-049302C07A79}.Debug|Any CPU.ActiveCfg = Debug|Any CPU
		{57897E9D-BD7D-421D-9425-049302C07A79}.Debug|Any CPU.Build.0 = Debug|Any CPU
		{57897E9D-BD7D-421D-9425-049302C07A79}.Release|Any CPU.ActiveCfg = Release|Any CPU
		{57897E9D-BD7D-421D-9425-049302C07A79}.Release|Any CPU.Build.0 = Release|Any CPU
		{8B289A28-F2E1-431E-B000-6F8B265C11C2}.Debug|Any CPU.ActiveCfg = Debug|Any CPU
		{8B289A28-F2E1-431E-B000-6F8B265C11C2}.Debug|Any CPU.Build.0 = Debug|Any CPU
		{8B289A28-F2E1-431E-B000-6F8B265C11C2}.Release|Any CPU.ActiveCfg = Release|Any CPU
		{8B289A28-F2E1-431E-B000-6F8B265C11C2}.Release|Any CPU.Build.0 = Release|Any CPU
	EndGlobalSection
EndGlobal
